// !$*UTF8*$!
{
	archiveVersion = 1;
	classes = {
	};
	objectVersion = 46;
	objects = {

/* Begin PBXBuildFile section */
		83D622CA1F67AA7C00611F37 /* AppDelegate.swift in Sources */ = {isa = PBXBuildFile; fileRef = 83D622C91F67AA7C00611F37 /* AppDelegate.swift */; };
		83D622CC1F67AA7C00611F37 /* ViewController.swift in Sources */ = {isa = PBXBuildFile; fileRef = 83D622CB1F67AA7C00611F37 /* ViewController.swift */; };
		83D622CF1F67AA7C00611F37 /* Main.storyboard in Resources */ = {isa = PBXBuildFile; fileRef = 83D622CD1F67AA7C00611F37 /* Main.storyboard */; };
		83D622D11F67AA7C00611F37 /* Assets.xcassets in Resources */ = {isa = PBXBuildFile; fileRef = 83D622D01F67AA7C00611F37 /* Assets.xcassets */; };
		83D622D41F67AA7C00611F37 /* LaunchScreen.storyboard in Resources */ = {isa = PBXBuildFile; fileRef = 83D622D21F67AA7C00611F37 /* LaunchScreen.storyboard */; };
		83D622DC1F67AACB00611F37 /* chartView.swift in Sources */ = {isa = PBXBuildFile; fileRef = 83D622DB1F67AACB00611F37 /* chartView.swift */; };
/* End PBXBuildFile section */

/* Begin PBXFileReference section */
		83D622C61F67AA7C00611F37 /* ChartView.app */ = {isa = PBXFileReference; explicitFileType = wrapper.application; includeInIndex = 0; path = ChartView.app; sourceTree = BUILT_PRODUCTS_DIR; };
		83D622C91F67AA7C00611F37 /* AppDelegate.swift */ = {isa = PBXFileReference; lastKnownFileType = sourcecode.swift; path = AppDelegate.swift; sourceTree = "<group>"; };
		83D622CB1F67AA7C00611F37 /* ViewController.swift */ = {isa = PBXFileReference; lastKnownFileType = sourcecode.swift; path = ViewController.swift; sourceTree = "<group>"; };
		83D622CE1F67AA7C00611F37 /* Base */ = {isa = PBXFileReference; lastKnownFileType = file.storyboard; name = Base; path = Base.lproj/Main.storyboard; sourceTree = "<group>"; };
		83D622D01F67AA7C00611F37 /* Assets.xcassets */ = {isa = PBXFileReference; lastKnownFileType = folder.assetcatalog; path = Assets.xcassets; sourceTree = "<group>"; };
		83D622D31F67AA7C00611F37 /* Base */ = {isa = PBXFileReference; lastKnownFileType = file.storyboard; name = Base; path = Base.lproj/LaunchScreen.storyboard; sourceTree = "<group>"; };
		83D622D51F67AA7C00611F37 /* Info.plist */ = {isa = PBXFileReference; lastKnownFileType = text.plist.xml; path = Info.plist; sourceTree = "<group>"; };
		83D622DB1F67AACB00611F37 /* chartView.swift */ = {isa = PBXFileReference; fileEncoding = 4; lastKnownFileType = sourcecode.swift; path = chartView.swift; sourceTree = "<group>"; };
/* End PBXFileReference section */

/* Begin PBXFrameworksBuildPhase section */
		83D622C31F67AA7C00611F37 /* Frameworks */ = {
			isa = PBXFrameworksBuildPhase;
			buildActionMask = 2147483647;
			files = (
			);
			runOnlyForDeploymentPostprocessing = 0;
		};
/* End PBXFrameworksBuildPhase section */

/* Begin PBXGroup section */
		83D622BD1F67AA7C00611F37 = {
			isa = PBXGroup;
			children = (
				83D622C81F67AA7C00611F37 /* ChartView */,
				83D622C71F67AA7C00611F37 /* Products */,
			);
			sourceTree = "<group>";
		};
		83D622C71F67AA7C00611F37 /* Products */ = {
			isa = PBXGroup;
			children = (
				83D622C61F67AA7C00611F37 /* ChartView.app */,
			);
			name = Products;
			sourceTree = "<group>";
		};
		83D622C81F67AA7C00611F37 /* ChartView */ = {
			isa = PBXGroup;
			children = (
				83D622C91F67AA7C00611F37 /* AppDelegate.swift */,
				83D622CB1F67AA7C00611F37 /* ViewController.swift */,
				83D622DB1F67AACB00611F37 /* chartView.swift */,
				83D622CD1F67AA7C00611F37 /* Main.storyboard */,
				83D622D01F67AA7C00611F37 /* Assets.xcassets */,
				83D622D21F67AA7C00611F37 /* LaunchScreen.storyboard */,
				83D622D51F67AA7C00611F37 /* Info.plist */,
			);
			path = ChartView;
			sourceTree = "<group>";
		};
/* End PBXGroup section */

/* Begin PBXNativeTarget section */
		83D622C51F67AA7C00611F37 /* ChartView */ = {
			isa = PBXNativeTarget;
			buildConfigurationList = 83D622D81F67AA7C00611F37 /* Build configuration list for PBXNativeTarget "ChartView" */;
			buildPhases = (
				83D622C21F67AA7C00611F37 /* Sources */,
				83D622C31F67AA7C00611F37 /* Frameworks */,
				83D622C41F67AA7C00611F37 /* Resources */,
			);
			buildRules = (
			);
			dependencies = (
			);
			name = ChartView;
			productName = ChartView;
			productReference = 83D622C61F67AA7C00611F37 /* ChartView.app */;
			productType = "com.apple.product-type.application";
		};
/* End PBXNativeTarget section */

/* Begin PBXProject section */
		83D622BE1F67AA7C00611F37 /* Project object */ = {
			isa = PBXProject;
			attributes = {
				LastSwiftUpdateCheck = 0830;
				LastUpgradeCheck = 0900;
				ORGANIZATIONNAME = sss;
				TargetAttributes = {
					83D622C51F67AA7C00611F37 = {
						CreatedOnToolsVersion = 8.3.3;
						DevelopmentTeam = 973MZ4MNFK;
						ProvisioningStyle = Automatic;
					};
				};
			};
			buildConfigurationList = 83D622C11F67AA7C00611F37 /* Build configuration list for PBXProject "ChartView" */;
			compatibilityVersion = "Xcode 3.2";
			developmentRegion = English;
			hasScannedForEncodings = 0;
			knownRegions = (
				en,
				Base,
			);
			mainGroup = 83D622BD1F67AA7C00611F37;
			productRefGroup = 83D622C71F67AA7C00611F37 /* Products */;
			projectDirPath = "";
			projectRoot = "";
			targets = (
				83D622C51F67AA7C00611F37 /* ChartView */,
			);
		};
/* End PBXProject section */

/* Begin PBXResourcesBuildPhase section */
		83D622C41F67AA7C00611F37 /* Resources */ = {
			isa = PBXResourcesBuildPhase;
			buildActionMask = 2147483647;
			files = (
				83D622D41F67AA7C00611F37 /* LaunchScreen.storyboard in Resources */,
				83D622D11F67AA7C00611F37 /* Assets.xcassets in Resources */,
				83D622CF1F67AA7C00611F37 /* Main.storyboard in Resources */,
			);
			runOnlyForDeploymentPostprocessing = 0;
		};
/* End PBXResourcesBuildPhase section */

/* Begin PBXSourcesBuildPhase section */
		83D622C21F67AA7C00611F37 /* Sources */ = {
			isa = PBXSourcesBuildPhase;
			buildActionMask = 2147483647;
			files = (
				83D622CC1F67AA7C00611F37 /* ViewController.swift in Sources */,
				83D622CA1F67AA7C00611F37 /* AppDelegate.swift in Sources */,
				83D622DC1F67AACB00611F37 /* chartView.swift in Sources */,
			);
			runOnlyForDeploymentPostprocessing = 0;
		};
/* End PBXSourcesBuildPhase section */

/* Begin PBXVariantGroup section */
		83D622CD1F67AA7C00611F37 /* Main.storyboard */ = {
			isa = PBXVariantGroup;
			children = (
				83D622CE1F67AA7C00611F37 /* Base */,
			);
			name = Main.storyboard;
			sourceTree = "<group>";
		};
		83D622D21F67AA7C00611F37 /* LaunchScreen.storyboard */ = {
			isa = PBXVariantGroup;
			children = (
				83D622D31F67AA7C00611F37 /* Base */,
			);
			name = LaunchScreen.storyboard;
			sourceTree = "<group>";
		};
/* End PBXVariantGroup section */

/* Begin XCBuildConfiguration section */
		83D622D61F67AA7C00611F37 /* Debug */ = {
			isa = XCBuildConfiguration;
			buildSettings = {
				ALWAYS_SEARCH_USER_PATHS = NO;
				CLANG_ANALYZER_NONNULL = YES;
				CLANG_ANALYZER_NUMBER_OBJECT_CONVERSION = YES_AGGRESSIVE;
				CLANG_CXX_LANGUAGE_STANDARD = "gnu++0x";
				CLANG_CXX_LIBRARY = "libc++";
				CLANG_ENABLE_MODULES = YES;
				CLANG_ENABLE_OBJC_ARC = YES;
				CLANG_WARN_BLOCK_CAPTURE_AUTORELEASING = YES;
				CLANG_WARN_BOOL_CONVERSION = YES;
				CLANG_WARN_COMMA = YES;
				CLANG_WARN_CONSTANT_CONVERSION = YES;
				CLANG_WARN_DIRECT_OBJC_ISA_USAGE = YES_ERROR;
				CLANG_WARN_DOCUMENTATION_COMMENTS = YES;
				CLANG_WARN_EMPTY_BODY = YES;
				CLANG_WARN_ENUM_CONVERSION = YES;
				CLANG_WARN_INFINITE_RECURSION = YES;
				CLANG_WARN_INT_CONVERSION = YES;
				CLANG_WARN_NON_LITERAL_NULL_CONVERSION = YES;
				CLANG_WARN_OBJC_LITERAL_CONVERSION = YES;
				CLANG_WARN_OBJC_ROOT_CLASS = YES_ERROR;
				CLANG_WARN_RANGE_LOOP_ANALYSIS = YES;
				CLANG_WARN_STRICT_PROTOTYPES = YES;
				CLANG_WARN_SUSPICIOUS_MOVE = YES;
				CLANG_WARN_UNREACHABLE_CODE = YES;
				CLANG_WARN__DUPLICATE_METHOD_MATCH = YES;
				"CODE_SIGN_IDENTITY[sdk=iphoneos*]" = "iPhone Developer";
				COPY_PHASE_STRIP = NO;
				DEBUG_INFORMATION_FORMAT = dwarf;
				ENABLE_STRICT_OBJC_MSGSEND = YES;
				ENABLE_TESTABILITY = YES;
				GCC_C_LANGUAGE_STANDARD = gnu99;
				GCC_DYNAMIC_NO_PIC = NO;
				GCC_NO_COMMON_BLOCKS = YES;
				GCC_OPTIMIZATION_LEVEL = 0;
				GCC_PREPROCESSOR_DEFINITIONS = (
					"DEBUG=1",
					"$(inherited)",
				);
				GCC_WARN_64_TO_32_BIT_CONVERSION = YES;
				GCC_WARN_ABOUT_RETURN_TYPE = YES_ERROR;
				GCC_WARN_UNDECLARED_SELECTOR = YES;
				GCC_WARN_UNINITIALIZED_AUTOS = YES_AGGRESSIVE;
				GCC_WARN_UNUSED_FUNCTION = YES;
				GCC_WARN_UNUSED_VARIABLE = YES;
				IPHONEOS_DEPLOYMENT_TARGET = 10.3;
				MTL_ENABLE_DEBUG_INFO = YES;
				ONLY_ACTIVE_ARCH = YES;
				SDKROOT = iphoneos;
				SWIFT_ACTIVE_COMPILATION_CONDITIONS = DEBUG;
				SWIFT_OPTIMIZATION_LEVEL = "-Onone";
			};
			name = Debug;
		};
		83D622D71F67AA7C00611F37 /* Release */ = {
			isa = XCBuildConfiguration;
			buildSettings = {
				ALWAYS_SEARCH_USER_PATHS = NO;
				CLANG_ANALYZER_NONNULL = YES;
				CLANG_ANALYZER_NUMBER_OBJECT_CONVERSION = YES_AGGRESSIVE;
				CLANG_CXX_LANGUAGE_STANDARD = "gnu++0x";
				CLANG_CXX_LIBRARY = "libc++";
				CLANG_ENABLE_MODULES = YES;
				CLANG_ENABLE_OBJC_ARC = YES;
				CLANG_WARN_BLOCK_CAPTURE_AUTORELEASING = YES;
				CLANG_WARN_BOOL_CONVERSION = YES;
				CLANG_WARN_COMMA = YES;
				CLANG_WARN_CONSTANT_CONVERSION = YES;
				CLANG_WARN_DIRECT_OBJC_ISA_USAGE = YES_ERROR;
				CLANG_WARN_DOCUMENTATION_COMMENTS = YES;
				CLANG_WARN_EMPTY_BODY = YES;
				CLANG_WARN_ENUM_CONVERSION = YES;
				CLANG_WARN_INFINITE_RECURSION = YES;
				CLANG_WARN_INT_CONVERSION = YES;
				CLANG_WARN_NON_LITERAL_NULL_CONVERSION = YES;
				CLANG_WARN_OBJC_LITERAL_CONVERSION = YES;
				CLANG_WARN_OBJC_ROOT_CLASS = YES_ERROR;
				CLANG_WARN_RANGE_LOOP_ANALYSIS = YES;
				CLANG_WARN_STRICT_PROTOTYPES = YES;
				CLANG_WARN_SUSPICIOUS_MOVE = YES;
				CLANG_WARN_UNREACHABLE_CODE = YES;
				CLANG_WARN__DUPLICATE_METHOD_MATCH = YES;
				"CODE_SIGN_IDENTITY[sdk=iphoneos*]" = "iPhone Developer";
				COPY_PHASE_STRIP = NO;
				DEBUG_INFORMATION_FORMAT = "dwarf-with-dsym";
				ENABLE_NS_ASSERTIONS = NO;
				ENABLE_STRICT_OBJC_MSGSEND = YES;
				GCC_C_LANGUAGE_STANDARD = gnu99;
				GCC_NO_COMMON_BLOCKS = YES;
				GCC_WARN_64_TO_32_BIT_CONVERSION = YES;
				GCC_WARN_ABOUT_RETURN_TYPE = YES_ERROR;
				GCC_WARN_UNDECLARED_SELECTOR = YES;
				GCC_WARN_UNINITIALIZED_AUTOS = YES_AGGRESSIVE;
				GCC_WARN_UNUSED_FUNCTION = YES;
				GCC_WARN_UNUSED_VARIABLE = YES;
				IPHONEOS_DEPLOYMENT_TARGET = 10.3;
				MTL_ENABLE_DEBUG_INFO = NO;
				SDKROOT = iphoneos;
				SWIFT_OPTIMIZATION_LEVEL = "-Owholemodule";
				VALIDATE_PRODUCT = YES;
			};
			name = Release;
		};
		83D622D91F67AA7C00611F37 /* Debug */ = {
			isa = XCBuildConfiguration;
			buildSettings = {
				ASSETCATALOG_COMPILER_APPICON_NAME = AppIcon;
				DEVELOPMENT_TEAM = 973MZ4MNFK;
				INFOPLIST_FILE = ChartView/Info.plist;
				LD_RUNPATH_SEARCH_PATHS = "$(inherited) @executable_path/Frameworks";
				PRODUCT_BUNDLE_IDENTIFIER = com.ZhengWeiLi.ChartView;
				PRODUCT_NAME = "$(TARGET_NAME)";
				SWIFT_VERSION = 3.0;
			};
			name = Debug;
		};
		83D622DA1F67AA7C00611F37 /* Release */ = {
			isa = XCBuildConfiguration;
			buildSettings = {
				ASSETCATALOG_COMPILER_APPICON_NAME = AppIcon;
				DEVELOPMENT_TEAM = 973MZ4MNFK;
				INFOPLIST_FILE = ChartView/Info.plist;
				LD_RUNPATH_SEARCH_PATHS = "$(inherited) @executable_path/Frameworks";
				PRODUCT_BUNDLE_IDENTIFIER = com.ZhengWeiLi.ChartView;
				PRODUCT_NAME = "$(TARGET_NAME)";
				SWIFT_VERSION = 3.0;
			};
			name = Release;
		};
/* End XCBuildConfiguration section */

/* Begin XCConfigurationList section */
		83D622C11F67AA7C00611F37 /* Build configuration list for PBXProject "ChartView" */ = {
			isa = XCConfigurationList;
			buildConfigurations = (
				83D622D61F67AA7C00611F37 /* Debug */,
				83D622D71F67AA7C00611F37 /* Release */,
			);
			defaultConfigurationIsVisible = 0;
			defaultConfigurationName = Release;
		};
		83D622D81F67AA7C00611F37 /* Build configuration list for PBXNativeTarget "ChartView" */ = {
			isa = XCConfigurationList;
			buildConfigurations = (
				83D622D91F67AA7C00611F37 /* Debug */,
				83D622DA1F67AA7C00611F37 /* Release */,
			);
			defaultConfigurationIsVisible = 0;
			defaultConfigurationName = Release;
		};
/* End XCConfigurationList section */
	};
	rootObject = 83D622BE1F67AA7C00611F37 /* Project object */;
}
